// !$*UTF8*$!
{
	archiveVersion = 1;
	classes = {
	};
	objectVersion = 56;
	objects = {

/* Begin PBXBuildFile section */
		BE4EFFF92A683BEC0082290C /* GameSearchViewController.swift in Sources */ = {isa = PBXBuildFile; fileRef = BE4EFFF82A683BEC0082290C /* GameSearchViewController.swift */; };
		BE8FF7EC2A60EAFB001FD416 /* AppDelegate.swift in Sources */ = {isa = PBXBuildFile; fileRef = BE8FF7EB2A60EAFB001FD416 /* AppDelegate.swift */; };
		BE8FF7EE2A60EAFB001FD416 /* SceneDelegate.swift in Sources */ = {isa = PBXBuildFile; fileRef = BE8FF7ED2A60EAFB001FD416 /* SceneDelegate.swift */; };
		BE8FF7F32A60EAFB001FD416 /* Main.storyboard in Resources */ = {isa = PBXBuildFile; fileRef = BE8FF7F12A60EAFB001FD416 /* Main.storyboard */; };
		BE8FF7F52A60EAFD001FD416 /* Assets.xcassets in Resources */ = {isa = PBXBuildFile; fileRef = BE8FF7F42A60EAFD001FD416 /* Assets.xcassets */; };
		BE8FF7F82A60EAFD001FD416 /* LaunchScreen.storyboard in Resources */ = {isa = PBXBuildFile; fileRef = BE8FF7F62A60EAFD001FD416 /* LaunchScreen.storyboard */; };
		BE8FF8032A60EAFD001FD416 /* ArcadeTests.swift in Sources */ = {isa = PBXBuildFile; fileRef = BE8FF8022A60EAFD001FD416 /* ArcadeTests.swift */; };
		BE8FF80D2A60EAFD001FD416 /* ArcadeUITests.swift in Sources */ = {isa = PBXBuildFile; fileRef = BE8FF80C2A60EAFD001FD416 /* ArcadeUITests.swift */; };
		BE8FF80F2A60EAFD001FD416 /* ArcadeUITestsLaunchTests.swift in Sources */ = {isa = PBXBuildFile; fileRef = BE8FF80E2A60EAFD001FD416 /* ArcadeUITestsLaunchTests.swift */; };
		BE8FF8212A60F0E8001FD416 /* Game.swift in Sources */ = {isa = PBXBuildFile; fileRef = BE8FF8202A60F0E8001FD416 /* Game.swift */; };
		BE8FF8232A60F240001FD416 /* SystemRequirements.swift in Sources */ = {isa = PBXBuildFile; fileRef = BE8FF8222A60F240001FD416 /* SystemRequirements.swift */; };
		BE8FF8252A60F328001FD416 /* Screenshots.swift in Sources */ = {isa = PBXBuildFile; fileRef = BE8FF8242A60F328001FD416 /* Screenshots.swift */; };
		BE8FF8272A60F740001FD416 /* GameService.swift in Sources */ = {isa = PBXBuildFile; fileRef = BE8FF8262A60F740001FD416 /* GameService.swift */; };
		BE8FF8292A60FF04001FD416 /* ArcadeViewController.swift in Sources */ = {isa = PBXBuildFile; fileRef = BE8FF8282A60FF04001FD416 /* ArcadeViewController.swift */; };
		BE8FF82C2A61C4DF001FD416 /* GameCell.swift in Sources */ = {isa = PBXBuildFile; fileRef = BE8FF82A2A61C4DF001FD416 /* GameCell.swift */; };
		BE8FF82D2A61C4DF001FD416 /* GameCell.xib in Resources */ = {isa = PBXBuildFile; fileRef = BE8FF82B2A61C4DF001FD416 /* GameCell.xib */; };
		BE8FF82F2A61D8C7001FD416 /* ImageDownloader.swift in Sources */ = {isa = PBXBuildFile; fileRef = BE8FF82E2A61D8C7001FD416 /* ImageDownloader.swift */; };
		BE8FF8312A61D90C001FD416 /* ImageCache.swift in Sources */ = {isa = PBXBuildFile; fileRef = BE8FF8302A61D90C001FD416 /* ImageCache.swift */; };
		BE8FF8332A61E287001FD416 /* GameDetailViewController.swift in Sources */ = {isa = PBXBuildFile; fileRef = BE8FF8322A61E287001FD416 /* GameDetailViewController.swift */; };
		BE8FF8372A6603E0001FD416 /* GameDetails.swift in Sources */ = {isa = PBXBuildFile; fileRef = BE8FF8362A6603E0001FD416 /* GameDetails.swift */; };
/* End PBXBuildFile section */

/* Begin PBXContainerItemProxy section */
		BE8FF7FF2A60EAFD001FD416 /* PBXContainerItemProxy */ = {
			isa = PBXContainerItemProxy;
			containerPortal = BE8FF7E02A60EAFB001FD416 /* Project object */;
			proxyType = 1;
			remoteGlobalIDString = BE8FF7E72A60EAFB001FD416;
			remoteInfo = Arcade;
		};
		BE8FF8092A60EAFD001FD416 /* PBXContainerItemProxy */ = {
			isa = PBXContainerItemProxy;
			containerPortal = BE8FF7E02A60EAFB001FD416 /* Project object */;
			proxyType = 1;
			remoteGlobalIDString = BE8FF7E72A60EAFB001FD416;
			remoteInfo = Arcade;
		};
/* End PBXContainerItemProxy section */

/* Begin PBXFileReference section */
		BE4EFFF82A683BEC0082290C /* GameSearchViewController.swift */ = {isa = PBXFileReference; lastKnownFileType = sourcecode.swift; path = GameSearchViewController.swift; sourceTree = "<group>"; };
		BE8FF7E82A60EAFB001FD416 /* Arcade.app */ = {isa = PBXFileReference; explicitFileType = wrapper.application; includeInIndex = 0; path = Arcade.app; sourceTree = BUILT_PRODUCTS_DIR; };
		BE8FF7EB2A60EAFB001FD416 /* AppDelegate.swift */ = {isa = PBXFileReference; lastKnownFileType = sourcecode.swift; path = AppDelegate.swift; sourceTree = "<group>"; };
		BE8FF7ED2A60EAFB001FD416 /* SceneDelegate.swift */ = {isa = PBXFileReference; lastKnownFileType = sourcecode.swift; path = SceneDelegate.swift; sourceTree = "<group>"; };
		BE8FF7F22A60EAFB001FD416 /* Base */ = {isa = PBXFileReference; lastKnownFileType = file.storyboard; name = Base; path = Base.lproj/Main.storyboard; sourceTree = "<group>"; };
		BE8FF7F42A60EAFD001FD416 /* Assets.xcassets */ = {isa = PBXFileReference; lastKnownFileType = folder.assetcatalog; path = Assets.xcassets; sourceTree = "<group>"; };
		BE8FF7F72A60EAFD001FD416 /* Base */ = {isa = PBXFileReference; lastKnownFileType = file.storyboard; name = Base; path = Base.lproj/LaunchScreen.storyboard; sourceTree = "<group>"; };
		BE8FF7F92A60EAFD001FD416 /* Info.plist */ = {isa = PBXFileReference; lastKnownFileType = text.plist.xml; path = Info.plist; sourceTree = "<group>"; };
		BE8FF7FE2A60EAFD001FD416 /* ArcadeTests.xctest */ = {isa = PBXFileReference; explicitFileType = wrapper.cfbundle; includeInIndex = 0; path = ArcadeTests.xctest; sourceTree = BUILT_PRODUCTS_DIR; };
		BE8FF8022A60EAFD001FD416 /* ArcadeTests.swift */ = {isa = PBXFileReference; lastKnownFileType = sourcecode.swift; path = ArcadeTests.swift; sourceTree = "<group>"; };
		BE8FF8082A60EAFD001FD416 /* ArcadeUITests.xctest */ = {isa = PBXFileReference; explicitFileType = wrapper.cfbundle; includeInIndex = 0; path = ArcadeUITests.xctest; sourceTree = BUILT_PRODUCTS_DIR; };
		BE8FF80C2A60EAFD001FD416 /* ArcadeUITests.swift */ = {isa = PBXFileReference; lastKnownFileType = sourcecode.swift; path = ArcadeUITests.swift; sourceTree = "<group>"; };
		BE8FF80E2A60EAFD001FD416 /* ArcadeUITestsLaunchTests.swift */ = {isa = PBXFileReference; lastKnownFileType = sourcecode.swift; path = ArcadeUITestsLaunchTests.swift; sourceTree = "<group>"; };
		BE8FF8202A60F0E8001FD416 /* Game.swift */ = {isa = PBXFileReference; lastKnownFileType = sourcecode.swift; path = Game.swift; sourceTree = "<group>"; };
		BE8FF8222A60F240001FD416 /* SystemRequirements.swift */ = {isa = PBXFileReference; lastKnownFileType = sourcecode.swift; path = SystemRequirements.swift; sourceTree = "<group>"; };
		BE8FF8242A60F328001FD416 /* Screenshots.swift */ = {isa = PBXFileReference; lastKnownFileType = sourcecode.swift; path = Screenshots.swift; sourceTree = "<group>"; };
		BE8FF8262A60F740001FD416 /* GameService.swift */ = {isa = PBXFileReference; lastKnownFileType = sourcecode.swift; path = GameService.swift; sourceTree = "<group>"; };
		BE8FF8282A60FF04001FD416 /* ArcadeViewController.swift */ = {isa = PBXFileReference; lastKnownFileType = sourcecode.swift; path = ArcadeViewController.swift; sourceTree = "<group>"; };
		BE8FF82A2A61C4DF001FD416 /* GameCell.swift */ = {isa = PBXFileReference; lastKnownFileType = sourcecode.swift; path = GameCell.swift; sourceTree = "<group>"; };
		BE8FF82B2A61C4DF001FD416 /* GameCell.xib */ = {isa = PBXFileReference; lastKnownFileType = file.xib; path = GameCell.xib; sourceTree = "<group>"; };
		BE8FF82E2A61D8C7001FD416 /* ImageDownloader.swift */ = {isa = PBXFileReference; lastKnownFileType = sourcecode.swift; path = ImageDownloader.swift; sourceTree = "<group>"; };
		BE8FF8302A61D90C001FD416 /* ImageCache.swift */ = {isa = PBXFileReference; lastKnownFileType = sourcecode.swift; path = ImageCache.swift; sourceTree = "<group>"; };
		BE8FF8322A61E287001FD416 /* GameDetailViewController.swift */ = {isa = PBXFileReference; lastKnownFileType = sourcecode.swift; path = GameDetailViewController.swift; sourceTree = "<group>"; };
		BE8FF8362A6603E0001FD416 /* GameDetails.swift */ = {isa = PBXFileReference; lastKnownFileType = sourcecode.swift; path = GameDetails.swift; sourceTree = "<group>"; };
/* End PBXFileReference section */

/* Begin PBXFrameworksBuildPhase section */
		BE8FF7E52A60EAFB001FD416 /* Frameworks */ = {
			isa = PBXFrameworksBuildPhase;
			buildActionMask = 2147483647;
			files = (
			);
			runOnlyForDeploymentPostprocessing = 0;
		};
		BE8FF7FB2A60EAFD001FD416 /* Frameworks */ = {
			isa = PBXFrameworksBuildPhase;
			buildActionMask = 2147483647;
			files = (
			);
			runOnlyForDeploymentPostprocessing = 0;
		};
		BE8FF8052A60EAFD001FD416 /* Frameworks */ = {
			isa = PBXFrameworksBuildPhase;
			buildActionMask = 2147483647;
			files = (
			);
			runOnlyForDeploymentPostprocessing = 0;
		};
/* End PBXFrameworksBuildPhase section */

/* Begin PBXGroup section */
		BE8FF7DF2A60EAFB001FD416 = {
			isa = PBXGroup;
			children = (
				BE8FF7EA2A60EAFB001FD416 /* Arcade */,
				BE8FF8012A60EAFD001FD416 /* ArcadeTests */,
				BE8FF80B2A60EAFD001FD416 /* ArcadeUITests */,
				BE8FF7E92A60EAFB001FD416 /* Products */,
			);
			sourceTree = "<group>";
		};
		BE8FF7E92A60EAFB001FD416 /* Products */ = {
			isa = PBXGroup;
			children = (
				BE8FF7E82A60EAFB001FD416 /* Arcade.app */,
				BE8FF7FE2A60EAFD001FD416 /* ArcadeTests.xctest */,
				BE8FF8082A60EAFD001FD416 /* ArcadeUITests.xctest */,
			);
			name = Products;
			sourceTree = "<group>";
		};
		BE8FF7EA2A60EAFB001FD416 /* Arcade */ = {
			isa = PBXGroup;
			children = (
				BE8FF81D2A60EBF6001FD416 /* Controller */,
				BE8FF81C2A60EBE4001FD416 /* View */,
				BE8FF81B2A60EBCF001FD416 /* Model */,
				BE8FF7EB2A60EAFB001FD416 /* AppDelegate.swift */,
				BE8FF7ED2A60EAFB001FD416 /* SceneDelegate.swift */,
				BE8FF7F42A60EAFD001FD416 /* Assets.xcassets */,
				BE8FF7F62A60EAFD001FD416 /* LaunchScreen.storyboard */,
				BE8FF7F92A60EAFD001FD416 /* Info.plist */,
			);
			path = Arcade;
			sourceTree = "<group>";
		};
		BE8FF8012A60EAFD001FD416 /* ArcadeTests */ = {
			isa = PBXGroup;
			children = (
				BE8FF8022A60EAFD001FD416 /* ArcadeTests.swift */,
			);
			path = ArcadeTests;
			sourceTree = "<group>";
		};
		BE8FF80B2A60EAFD001FD416 /* ArcadeUITests */ = {
			isa = PBXGroup;
			children = (
				BE8FF80C2A60EAFD001FD416 /* ArcadeUITests.swift */,
				BE8FF80E2A60EAFD001FD416 /* ArcadeUITestsLaunchTests.swift */,
			);
			path = ArcadeUITests;
			sourceTree = "<group>";
		};
		BE8FF81B2A60EBCF001FD416 /* Model */ = {
			isa = PBXGroup;
			children = (
				BE8FF81F2A60EC20001FD416 /* Services */,
				BE8FF81E2A60EC0C001FD416 /* Data */,
			);
			path = Model;
			sourceTree = "<group>";
		};
		BE8FF81C2A60EBE4001FD416 /* View */ = {
			isa = PBXGroup;
			children = (
				BE8FF7F12A60EAFB001FD416 /* Main.storyboard */,
				BE8FF82A2A61C4DF001FD416 /* GameCell.swift */,
				BE8FF82B2A61C4DF001FD416 /* GameCell.xib */,
			);
			path = View;
			sourceTree = "<group>";
		};
		BE8FF81D2A60EBF6001FD416 /* Controller */ = {
			isa = PBXGroup;
			children = (
				BE8FF8282A60FF04001FD416 /* ArcadeViewController.swift */,
				BE8FF8322A61E287001FD416 /* GameDetailViewController.swift */,
				BE4EFFF82A683BEC0082290C /* GameSearchViewController.swift */,
			);
			path = Controller;
			sourceTree = "<group>";
		};
		BE8FF81E2A60EC0C001FD416 /* Data */ = {
			isa = PBXGroup;
			children = (
				BE8FF8202A60F0E8001FD416 /* Game.swift */,
				BE8FF8362A6603E0001FD416 /* GameDetails.swift */,
				BE8FF8222A60F240001FD416 /* SystemRequirements.swift */,
				BE8FF8242A60F328001FD416 /* Screenshots.swift */,
			);
			path = Data;
			sourceTree = "<group>";
		};
		BE8FF81F2A60EC20001FD416 /* Services */ = {
			isa = PBXGroup;
			children = (
				BE8FF8262A60F740001FD416 /* GameService.swift */,
				BE8FF82E2A61D8C7001FD416 /* ImageDownloader.swift */,
				BE8FF8302A61D90C001FD416 /* ImageCache.swift */,
			);
			path = Services;
			sourceTree = "<group>";
		};
/* End PBXGroup section */

/* Begin PBXNativeTarget section */
		BE8FF7E72A60EAFB001FD416 /* Arcade */ = {
			isa = PBXNativeTarget;
			buildConfigurationList = BE8FF8122A60EAFD001FD416 /* Build configuration list for PBXNativeTarget "Arcade" */;
			buildPhases = (
				BE8FF7E42A60EAFB001FD416 /* Sources */,
				BE8FF7E52A60EAFB001FD416 /* Frameworks */,
				BE8FF7E62A60EAFB001FD416 /* Resources */,
			);
			buildRules = (
			);
			dependencies = (
			);
			name = Arcade;
			productName = Arcade;
			productReference = BE8FF7E82A60EAFB001FD416 /* Arcade.app */;
			productType = "com.apple.product-type.application";
		};
		BE8FF7FD2A60EAFD001FD416 /* ArcadeTests */ = {
			isa = PBXNativeTarget;
			buildConfigurationList = BE8FF8152A60EAFD001FD416 /* Build configuration list for PBXNativeTarget "ArcadeTests" */;
			buildPhases = (
				BE8FF7FA2A60EAFD001FD416 /* Sources */,
				BE8FF7FB2A60EAFD001FD416 /* Frameworks */,
				BE8FF7FC2A60EAFD001FD416 /* Resources */,
			);
			buildRules = (
			);
			dependencies = (
				BE8FF8002A60EAFD001FD416 /* PBXTargetDependency */,
			);
			name = ArcadeTests;
			productName = ArcadeTests;
			productReference = BE8FF7FE2A60EAFD001FD416 /* ArcadeTests.xctest */;
			productType = "com.apple.product-type.bundle.unit-test";
		};
		BE8FF8072A60EAFD001FD416 /* ArcadeUITests */ = {
			isa = PBXNativeTarget;
			buildConfigurationList = BE8FF8182A60EAFD001FD416 /* Build configuration list for PBXNativeTarget "ArcadeUITests" */;
			buildPhases = (
				BE8FF8042A60EAFD001FD416 /* Sources */,
				BE8FF8052A60EAFD001FD416 /* Frameworks */,
				BE8FF8062A60EAFD001FD416 /* Resources */,
			);
			buildRules = (
			);
			dependencies = (
				BE8FF80A2A60EAFD001FD416 /* PBXTargetDependency */,
			);
			name = ArcadeUITests;
			productName = ArcadeUITests;
			productReference = BE8FF8082A60EAFD001FD416 /* ArcadeUITests.xctest */;
			productType = "com.apple.product-type.bundle.ui-testing";
		};
/* End PBXNativeTarget section */

/* Begin PBXProject section */
		BE8FF7E02A60EAFB001FD416 /* Project object */ = {
			isa = PBXProject;
			attributes = {
				BuildIndependentTargetsInParallel = 1;
				LastSwiftUpdateCheck = 1430;
				LastUpgradeCheck = 1430;
				TargetAttributes = {
					BE8FF7E72A60EAFB001FD416 = {
						CreatedOnToolsVersion = 14.3.1;
					};
					BE8FF7FD2A60EAFD001FD416 = {
						CreatedOnToolsVersion = 14.3.1;
						TestTargetID = BE8FF7E72A60EAFB001FD416;
					};
					BE8FF8072A60EAFD001FD416 = {
						CreatedOnToolsVersion = 14.3.1;
						TestTargetID = BE8FF7E72A60EAFB001FD416;
					};
				};
			};
			buildConfigurationList = BE8FF7E32A60EAFB001FD416 /* Build configuration list for PBXProject "Arcade" */;
			compatibilityVersion = "Xcode 14.0";
			developmentRegion = en;
			hasScannedForEncodings = 0;
			knownRegions = (
				en,
				Base,
			);
			mainGroup = BE8FF7DF2A60EAFB001FD416;
			productRefGroup = BE8FF7E92A60EAFB001FD416 /* Products */;
			projectDirPath = "";
			projectRoot = "";
			targets = (
				BE8FF7E72A60EAFB001FD416 /* Arcade */,
				BE8FF7FD2A60EAFD001FD416 /* ArcadeTests */,
				BE8FF8072A60EAFD001FD416 /* ArcadeUITests */,
			);
		};
/* End PBXProject section */

/* Begin PBXResourcesBuildPhase section */
		BE8FF7E62A60EAFB001FD416 /* Resources */ = {
			isa = PBXResourcesBuildPhase;
			buildActionMask = 2147483647;
			files = (
				BE8FF7F82A60EAFD001FD416 /* LaunchScreen.storyboard in Resources */,
				BE8FF7F52A60EAFD001FD416 /* Assets.xcassets in Resources */,
				BE8FF7F32A60EAFB001FD416 /* Main.storyboard in Resources */,
				BE8FF82D2A61C4DF001FD416 /* GameCell.xib in Resources */,
			);
			runOnlyForDeploymentPostprocessing = 0;
		};
		BE8FF7FC2A60EAFD001FD416 /* Resources */ = {
			isa = PBXResourcesBuildPhase;
			buildActionMask = 2147483647;
			files = (
			);
			runOnlyForDeploymentPostprocessing = 0;
		};
		BE8FF8062A60EAFD001FD416 /* Resources */ = {
			isa = PBXResourcesBuildPhase;
			buildActionMask = 2147483647;
			files = (
			);
			runOnlyForDeploymentPostprocessing = 0;
		};
/* End PBXResourcesBuildPhase section */

/* Begin PBXSourcesBuildPhase section */
		BE8FF7E42A60EAFB001FD416 /* Sources */ = {
			isa = PBXSourcesBuildPhase;
			buildActionMask = 2147483647;
			files = (
				BE8FF8372A6603E0001FD416 /* GameDetails.swift in Sources */,
				BE8FF8312A61D90C001FD416 /* ImageCache.swift in Sources */,
				BE8FF8272A60F740001FD416 /* GameService.swift in Sources */,
				BE8FF8252A60F328001FD416 /* Screenshots.swift in Sources */,
				BE8FF8232A60F240001FD416 /* SystemRequirements.swift in Sources */,
				BE8FF7EC2A60EAFB001FD416 /* AppDelegate.swift in Sources */,
				BE4EFFF92A683BEC0082290C /* GameSearchViewController.swift in Sources */,
				BE8FF7EE2A60EAFB001FD416 /* SceneDelegate.swift in Sources */,
				BE8FF8332A61E287001FD416 /* GameDetailViewController.swift in Sources */,
				BE8FF8212A60F0E8001FD416 /* Game.swift in Sources */,
				BE8FF8292A60FF04001FD416 /* ArcadeViewController.swift in Sources */,
				BE8FF82F2A61D8C7001FD416 /* ImageDownloader.swift in Sources */,
				BE8FF82C2A61C4DF001FD416 /* GameCell.swift in Sources */,
			);
			runOnlyForDeploymentPostprocessing = 0;
		};
		BE8FF7FA2A60EAFD001FD416 /* Sources */ = {
			isa = PBXSourcesBuildPhase;
			buildActionMask = 2147483647;
			files = (
				BE8FF8032A60EAFD001FD416 /* ArcadeTests.swift in Sources */,
			);
			runOnlyForDeploymentPostprocessing = 0;
		};
		BE8FF8042A60EAFD001FD416 /* Sources */ = {
			isa = PBXSourcesBuildPhase;
			buildActionMask = 2147483647;
			files = (
				BE8FF80F2A60EAFD001FD416 /* ArcadeUITestsLaunchTests.swift in Sources */,
				BE8FF80D2A60EAFD001FD416 /* ArcadeUITests.swift in Sources */,
			);
			runOnlyForDeploymentPostprocessing = 0;
		};
/* End PBXSourcesBuildPhase section */

/* Begin PBXTargetDependency section */
		BE8FF8002A60EAFD001FD416 /* PBXTargetDependency */ = {
			isa = PBXTargetDependency;
			target = BE8FF7E72A60EAFB001FD416 /* Arcade */;
			targetProxy = BE8FF7FF2A60EAFD001FD416 /* PBXContainerItemProxy */;
		};
		BE8FF80A2A60EAFD001FD416 /* PBXTargetDependency */ = {
			isa = PBXTargetDependency;
			target = BE8FF7E72A60EAFB001FD416 /* Arcade */;
			targetProxy = BE8FF8092A60EAFD001FD416 /* PBXContainerItemProxy */;
		};
/* End PBXTargetDependency section */

/* Begin PBXVariantGroup section */
		BE8FF7F12A60EAFB001FD416 /* Main.storyboard */ = {
			isa = PBXVariantGroup;
			children = (
				BE8FF7F22A60EAFB001FD416 /* Base */,
			);
			name = Main.storyboard;
			sourceTree = "<group>";
		};
		BE8FF7F62A60EAFD001FD416 /* LaunchScreen.storyboard */ = {
			isa = PBXVariantGroup;
			children = (
				BE8FF7F72A60EAFD001FD416 /* Base */,
			);
			name = LaunchScreen.storyboard;
			sourceTree = "<group>";
		};
/* End PBXVariantGroup section */

/* Begin XCBuildConfiguration section */
		BE8FF8102A60EAFD001FD416 /* Debug */ = {
			isa = XCBuildConfiguration;
			buildSettings = {
				ALWAYS_SEARCH_USER_PATHS = NO;
				CLANG_ANALYZER_NONNULL = YES;
				CLANG_ANALYZER_NUMBER_OBJECT_CONVERSION = YES_AGGRESSIVE;
				CLANG_CXX_LANGUAGE_STANDARD = "gnu++20";
				CLANG_ENABLE_MODULES = YES;
				CLANG_ENABLE_OBJC_ARC = YES;
				CLANG_ENABLE_OBJC_WEAK = YES;
				CLANG_WARN_BLOCK_CAPTURE_AUTORELEASING = YES;
				CLANG_WARN_BOOL_CONVERSION = YES;
				CLANG_WARN_COMMA = YES;
				CLANG_WARN_CONSTANT_CONVERSION = YES;
				CLANG_WARN_DEPRECATED_OBJC_IMPLEMENTATIONS = YES;
				CLANG_WARN_DIRECT_OBJC_ISA_USAGE = YES_ERROR;
				CLANG_WARN_DOCUMENTATION_COMMENTS = YES;
				CLANG_WARN_EMPTY_BODY = YES;
				CLANG_WARN_ENUM_CONVERSION = YES;
				CLANG_WARN_INFINITE_RECURSION = YES;
				CLANG_WARN_INT_CONVERSION = YES;
				CLANG_WARN_NON_LITERAL_NULL_CONVERSION = YES;
				CLANG_WARN_OBJC_IMPLICIT_RETAIN_SELF = YES;
				CLANG_WARN_OBJC_LITERAL_CONVERSION = YES;
				CLANG_WARN_OBJC_ROOT_CLASS = YES_ERROR;
				CLANG_WARN_QUOTED_INCLUDE_IN_FRAMEWORK_HEADER = YES;
				CLANG_WARN_RANGE_LOOP_ANALYSIS = YES;
				CLANG_WARN_STRICT_PROTOTYPES = YES;
				CLANG_WARN_SUSPICIOUS_MOVE = YES;
				CLANG_WARN_UNGUARDED_AVAILABILITY = YES_AGGRESSIVE;
				CLANG_WARN_UNREACHABLE_CODE = YES;
				CLANG_WARN__DUPLICATE_METHOD_MATCH = YES;
				COPY_PHASE_STRIP = NO;
				DEBUG_INFORMATION_FORMAT = dwarf;
				ENABLE_STRICT_OBJC_MSGSEND = YES;
				ENABLE_TESTABILITY = YES;
				GCC_C_LANGUAGE_STANDARD = gnu11;
				GCC_DYNAMIC_NO_PIC = NO;
				GCC_NO_COMMON_BLOCKS = YES;
				GCC_OPTIMIZATION_LEVEL = 0;
				GCC_PREPROCESSOR_DEFINITIONS = (
					"DEBUG=1",
					"$(inherited)",
				);
				GCC_WARN_64_TO_32_BIT_CONVERSION = YES;
				GCC_WARN_ABOUT_RETURN_TYPE = YES_ERROR;
				GCC_WARN_UNDECLARED_SELECTOR = YES;
				GCC_WARN_UNINITIALIZED_AUTOS = YES_AGGRESSIVE;
				GCC_WARN_UNUSED_FUNCTION = YES;
				GCC_WARN_UNUSED_VARIABLE = YES;
				IPHONEOS_DEPLOYMENT_TARGET = 16.4;
				MTL_ENABLE_DEBUG_INFO = INCLUDE_SOURCE;
				MTL_FAST_MATH = YES;
				ONLY_ACTIVE_ARCH = YES;
				SDKROOT = iphoneos;
				SWIFT_ACTIVE_COMPILATION_CONDITIONS = DEBUG;
				SWIFT_OPTIMIZATION_LEVEL = "-Onone";
			};
			name = Debug;
		};
		BE8FF8112A60EAFD001FD416 /* Release */ = {
			isa = XCBuildConfiguration;
			buildSettings = {
				ALWAYS_SEARCH_USER_PATHS = NO;
				CLANG_ANALYZER_NONNULL = YES;
				CLANG_ANALYZER_NUMBER_OBJECT_CONVERSION = YES_AGGRESSIVE;
				CLANG_CXX_LANGUAGE_STANDARD = "gnu++20";
				CLANG_ENABLE_MODULES = YES;
				CLANG_ENABLE_OBJC_ARC = YES;
				CLANG_ENABLE_OBJC_WEAK = YES;
				CLANG_WARN_BLOCK_CAPTURE_AUTORELEASING = YES;
				CLANG_WARN_BOOL_CONVERSION = YES;
				CLANG_WARN_COMMA = YES;
				CLANG_WARN_CONSTANT_CONVERSION = YES;
				CLANG_WARN_DEPRECATED_OBJC_IMPLEMENTATIONS = YES;
				CLANG_WARN_DIRECT_OBJC_ISA_USAGE = YES_ERROR;
				CLANG_WARN_DOCUMENTATION_COMMENTS = YES;
				CLANG_WARN_EMPTY_BODY = YES;
				CLANG_WARN_ENUM_CONVERSION = YES;
				CLANG_WARN_INFINITE_RECURSION = YES;
				CLANG_WARN_INT_CONVERSION = YES;
				CLANG_WARN_NON_LITERAL_NULL_CONVERSION = YES;
				CLANG_WARN_OBJC_IMPLICIT_RETAIN_SELF = YES;
				CLANG_WARN_OBJC_LITERAL_CONVERSION = YES;
				CLANG_WARN_OBJC_ROOT_CLASS = YES_ERROR;
				CLANG_WARN_QUOTED_INCLUDE_IN_FRAMEWORK_HEADER = YES;
				CLANG_WARN_RANGE_LOOP_ANALYSIS = YES;
				CLANG_WARN_STRICT_PROTOTYPES = YES;
				CLANG_WARN_SUSPICIOUS_MOVE = YES;
				CLANG_WARN_UNGUARDED_AVAILABILITY = YES_AGGRESSIVE;
				CLANG_WARN_UNREACHABLE_CODE = YES;
				CLANG_WARN__DUPLICATE_METHOD_MATCH = YES;
				COPY_PHASE_STRIP = NO;
				DEBUG_INFORMATION_FORMAT = "dwarf-with-dsym";
				ENABLE_NS_ASSERTIONS = NO;
				ENABLE_STRICT_OBJC_MSGSEND = YES;
				GCC_C_LANGUAGE_STANDARD = gnu11;
				GCC_NO_COMMON_BLOCKS = YES;
				GCC_WARN_64_TO_32_BIT_CONVERSION = YES;
				GCC_WARN_ABOUT_RETURN_TYPE = YES_ERROR;
				GCC_WARN_UNDECLARED_SELECTOR = YES;
				GCC_WARN_UNINITIALIZED_AUTOS = YES_AGGRESSIVE;
				GCC_WARN_UNUSED_FUNCTION = YES;
				GCC_WARN_UNUSED_VARIABLE = YES;
				IPHONEOS_DEPLOYMENT_TARGET = 16.4;
				MTL_ENABLE_DEBUG_INFO = NO;
				MTL_FAST_MATH = YES;
				SDKROOT = iphoneos;
				SWIFT_COMPILATION_MODE = wholemodule;
				SWIFT_OPTIMIZATION_LEVEL = "-O";
				VALIDATE_PRODUCT = YES;
			};
			name = Release;
		};
		BE8FF8132A60EAFD001FD416 /* Debug */ = {
			isa = XCBuildConfiguration;
			buildSettings = {
				ASSETCATALOG_COMPILER_APPICON_NAME = AppIcon;
				ASSETCATALOG_COMPILER_GLOBAL_ACCENT_COLOR_NAME = AccentColor;
				CODE_SIGN_STYLE = Automatic;
				CURRENT_PROJECT_VERSION = 1;
				DEVELOPMENT_TEAM = 5YXU5XX9YX;
				GENERATE_INFOPLIST_FILE = YES;
				INFOPLIST_FILE = Arcade/Info.plist;
				INFOPLIST_KEY_UIApplicationSupportsIndirectInputEvents = YES;
				INFOPLIST_KEY_UILaunchStoryboardName = LaunchScreen;
				INFOPLIST_KEY_UIMainStoryboardFile = Main;
				INFOPLIST_KEY_UISupportedInterfaceOrientations_iPad = "UIInterfaceOrientationPortrait UIInterfaceOrientationPortraitUpsideDown UIInterfaceOrientationLandscapeLeft UIInterfaceOrientationLandscapeRight";
				INFOPLIST_KEY_UISupportedInterfaceOrientations_iPhone = "UIInterfaceOrientationPortrait UIInterfaceOrientationLandscapeLeft UIInterfaceOrientationLandscapeRight";
				LD_RUNPATH_SEARCH_PATHS = (
					"$(inherited)",
					"@executable_path/Frameworks",
				);
				MARKETING_VERSION = 1.0;
				PRODUCT_BUNDLE_IDENTIFIER = br.org.eldorado.Arcade;
				PRODUCT_NAME = "$(TARGET_NAME)";
				SWIFT_EMIT_LOC_STRINGS = YES;
				SWIFT_VERSION = 5.0;
				TARGETED_DEVICE_FAMILY = "1,2";
			};
			name = Debug;
		};
		BE8FF8142A60EAFD001FD416 /* Release */ = {
			isa = XCBuildConfiguration;
			buildSettings = {
				ASSETCATALOG_COMPILER_APPICON_NAME = AppIcon;
				ASSETCATALOG_COMPILER_GLOBAL_ACCENT_COLOR_NAME = AccentColor;
				CODE_SIGN_STYLE = Automatic;
				CURRENT_PROJECT_VERSION = 1;
				DEVELOPMENT_TEAM = 5YXU5XX9YX;
				GENERATE_INFOPLIST_FILE = YES;
				INFOPLIST_FILE = Arcade/Info.plist;
				INFOPLIST_KEY_UIApplicationSupportsIndirectInputEvents = YES;
				INFOPLIST_KEY_UILaunchStoryboardName = LaunchScreen;
				INFOPLIST_KEY_UIMainStoryboardFile = Main;
				INFOPLIST_KEY_UISupportedInterfaceOrientations_iPad = "UIInterfaceOrientationPortrait UIInterfaceOrientationPortraitUpsideDown UIInterfaceOrientationLandscapeLeft UIInterfaceOrientationLandscapeRight";
				INFOPLIST_KEY_UISupportedInterfaceOrientations_iPhone = "UIInterfaceOrientationPortrait UIInterfaceOrientationLandscapeLeft UIInterfaceOrientationLandscapeRight";
				LD_RUNPATH_SEARCH_PATHS = (
					"$(inherited)",
					"@executable_path/Frameworks",
				);
				MARKETING_VERSION = 1.0;
				PRODUCT_BUNDLE_IDENTIFIER = br.org.eldorado.Arcade;
				PRODUCT_NAME = "$(TARGET_NAME)";
				SWIFT_EMIT_LOC_STRINGS = YES;
				SWIFT_VERSION = 5.0;
				TARGETED_DEVICE_FAMILY = "1,2";
			};
			name = Release;
		};
		BE8FF8162A60EAFD001FD416 /* Debug */ = {
			isa = XCBuildConfiguration;
			buildSettings = {
				ALWAYS_EMBED_SWIFT_STANDARD_LIBRARIES = YES;
				BUNDLE_LOADER = "$(TEST_HOST)";
				CODE_SIGN_STYLE = Automatic;
				CURRENT_PROJECT_VERSION = 1;
				GENERATE_INFOPLIST_FILE = YES;
				IPHONEOS_DEPLOYMENT_TARGET = 16.4;
				MARKETING_VERSION = 1.0;
				PRODUCT_BUNDLE_IDENTIFIER = br.org.eldorado.ArcadeTests;
				PRODUCT_NAME = "$(TARGET_NAME)";
				SWIFT_EMIT_LOC_STRINGS = NO;
				SWIFT_VERSION = 5.0;
				TARGETED_DEVICE_FAMILY = "1,2";
				TEST_HOST = "$(BUILT_PRODUCTS_DIR)/Arcade.app/$(BUNDLE_EXECUTABLE_FOLDER_PATH)/Arcade";
			};
			name = Debug;
		};
		BE8FF8172A60EAFD001FD416 /* Release */ = {
			isa = XCBuildConfiguration;
			buildSettings = {
				ALWAYS_EMBED_SWIFT_STANDARD_LIBRARIES = YES;
				BUNDLE_LOADER = "$(TEST_HOST)";
				CODE_SIGN_STYLE = Automatic;
				CURRENT_PROJECT_VERSION = 1;
				GENERATE_INFOPLIST_FILE = YES;
				IPHONEOS_DEPLOYMENT_TARGET = 16.4;
				MARKETING_VERSION = 1.0;
				PRODUCT_BUNDLE_IDENTIFIER = br.org.eldorado.ArcadeTests;
				PRODUCT_NAME = "$(TARGET_NAME)";
				SWIFT_EMIT_LOC_STRINGS = NO;
				SWIFT_VERSION = 5.0;
				TARGETED_DEVICE_FAMILY = "1,2";
				TEST_HOST = "$(BUILT_PRODUCTS_DIR)/Arcade.app/$(BUNDLE_EXECUTABLE_FOLDER_PATH)/Arcade";
			};
			name = Release;
		};
		BE8FF8192A60EAFD001FD416 /* Debug */ = {
			isa = XCBuildConfiguration;
			buildSettings = {
				ALWAYS_EMBED_SWIFT_STANDARD_LIBRARIES = YES;
				CODE_SIGN_STYLE = Automatic;
				CURRENT_PROJECT_VERSION = 1;
				GENERATE_INFOPLIST_FILE = YES;
				MARKETING_VERSION = 1.0;
				PRODUCT_BUNDLE_IDENTIFIER = br.org.eldorado.ArcadeUITests;
				PRODUCT_NAME = "$(TARGET_NAME)";
				SWIFT_EMIT_LOC_STRINGS = NO;
				SWIFT_VERSION = 5.0;
				TARGETED_DEVICE_FAMILY = "1,2";
				TEST_TARGET_NAME = Arcade;
			};
			name = Debug;
		};
		BE8FF81A2A60EAFD001FD416 /* Release */ = {
			isa = XCBuildConfiguration;
			buildSettings = {
				ALWAYS_EMBED_SWIFT_STANDARD_LIBRARIES = YES;
				CODE_SIGN_STYLE = Automatic;
				CURRENT_PROJECT_VERSION = 1;
				GENERATE_INFOPLIST_FILE = YES;
				MARKETING_VERSION = 1.0;
				PRODUCT_BUNDLE_IDENTIFIER = br.org.eldorado.ArcadeUITests;
				PRODUCT_NAME = "$(TARGET_NAME)";
				SWIFT_EMIT_LOC_STRINGS = NO;
				SWIFT_VERSION = 5.0;
				TARGETED_DEVICE_FAMILY = "1,2";
				TEST_TARGET_NAME = Arcade;
			};
			name = Release;
		};
/* End XCBuildConfiguration section */

/* Begin XCConfigurationList section */
		BE8FF7E32A60EAFB001FD416 /* Build configuration list for PBXProject "Arcade" */ = {
			isa = XCConfigurationList;
			buildConfigurations = (
				BE8FF8102A60EAFD001FD416 /* Debug */,
				BE8FF8112A60EAFD001FD416 /* Release */,
			);
			defaultConfigurationIsVisible = 0;
			defaultConfigurationName = Release;
		};
		BE8FF8122A60EAFD001FD416 /* Build configuration list for PBXNativeTarget "Arcade" */ = {
			isa = XCConfigurationList;
			buildConfigurations = (
				BE8FF8132A60EAFD001FD416 /* Debug */,
				BE8FF8142A60EAFD001FD416 /* Release */,
			);
			defaultConfigurationIsVisible = 0;
			defaultConfigurationName = Release;
		};
		BE8FF8152A60EAFD001FD416 /* Build configuration list for PBXNativeTarget "ArcadeTests" */ = {
			isa = XCConfigurationList;
			buildConfigurations = (
				BE8FF8162A60EAFD001FD416 /* Debug */,
				BE8FF8172A60EAFD001FD416 /* Release */,
			);
			defaultConfigurationIsVisible = 0;
			defaultConfigurationName = Release;
		};
		BE8FF8182A60EAFD001FD416 /* Build configuration list for PBXNativeTarget "ArcadeUITests" */ = {
			isa = XCConfigurationList;
			buildConfigurations = (
				BE8FF8192A60EAFD001FD416 /* Debug */,
				BE8FF81A2A60EAFD001FD416 /* Release */,
			);
			defaultConfigurationIsVisible = 0;
			defaultConfigurationName = Release;
		};
/* End XCConfigurationList section */
	};
	rootObject = BE8FF7E02A60EAFB001FD416 /* Project object */;
}
